// !$*UTF8*$!
{
	archiveVersion = 1;
	classes = {
	};
	objectVersion = 51;
	objects = {

/* Begin PBXBuildFile section */
		57222905585BCB1DDE37F7E7 /* Pods_PetsFactsApp.framework in Frameworks */ = {isa = PBXBuildFile; fileRef = FD6E401B1844AD9774B63EB7 /* Pods_PetsFactsApp.framework */; };
		930D6B1E2A52C42600FA179E /* NetworkDownloadManager.swift in Sources */ = {isa = PBXBuildFile; fileRef = 930D6B1D2A52C42600FA179E /* NetworkDownloadManager.swift */; };
		9319DEFE2A51717200A622E7 /* StorageViewController.swift in Sources */ = {isa = PBXBuildFile; fileRef = 9319DEFD2A51717200A622E7 /* StorageViewController.swift */; };
		9319DF182A517AC300A622E7 /* DogFact+CoreDataProperties.swift in Sources */ = {isa = PBXBuildFile; fileRef = 9319DF142A517AC300A622E7 /* DogFact+CoreDataProperties.swift */; };
		9319DF1A2A517AC300A622E7 /* CatFact+CoreDataProperties.swift in Sources */ = {isa = PBXBuildFile; fileRef = 9319DF162A517AC300A622E7 /* CatFact+CoreDataProperties.swift */; };
		9319DF202A517B6900A622E7 /* CoreDataManager.swift in Sources */ = {isa = PBXBuildFile; fileRef = 9319DF1F2A517B6900A622E7 /* CoreDataManager.swift */; };
		9325515C2A48176F00BA02EF /* AppDelegate.swift in Sources */ = {isa = PBXBuildFile; fileRef = 9325515B2A48176F00BA02EF /* AppDelegate.swift */; };
		9325515E2A48176F00BA02EF /* SceneDelegate.swift in Sources */ = {isa = PBXBuildFile; fileRef = 9325515D2A48176F00BA02EF /* SceneDelegate.swift */; };
		932551632A48176F00BA02EF /* Main.storyboard in Resources */ = {isa = PBXBuildFile; fileRef = 932551612A48176F00BA02EF /* Main.storyboard */; };
		932551662A48176F00BA02EF /* PetsFactsApp.xcdatamodeld in Sources */ = {isa = PBXBuildFile; fileRef = 932551642A48176F00BA02EF /* PetsFactsApp.xcdatamodeld */; };
		932551682A48177000BA02EF /* Assets.xcassets in Resources */ = {isa = PBXBuildFile; fileRef = 932551672A48177000BA02EF /* Assets.xcassets */; };
		9325516B2A48177000BA02EF /* LaunchScreen.storyboard in Resources */ = {isa = PBXBuildFile; fileRef = 932551692A48177000BA02EF /* LaunchScreen.storyboard */; };
		9325517E2A481A3F00BA02EF /* MainViewController.swift in Sources */ = {isa = PBXBuildFile; fileRef = 9325517D2A481A3F00BA02EF /* MainViewController.swift */; };
		932551812A481A5700BA02EF /* InformationViewController.swift in Sources */ = {isa = PBXBuildFile; fileRef = 932551802A481A5700BA02EF /* InformationViewController.swift */; };
		932820992AA07ED500EC7C7C /* InfoCell.swift in Sources */ = {isa = PBXBuildFile; fileRef = 932820982AA07ED500EC7C7C /* InfoCell.swift */; };
		933F47822A48D17700C91770 /* NetworkFetchService.swift in Sources */ = {isa = PBXBuildFile; fileRef = 933F47812A48D17700C91770 /* NetworkFetchService.swift */; };
		934B103B2A4C6EE5002F3BCA /* FactsCollectionView.swift in Sources */ = {isa = PBXBuildFile; fileRef = 934B103A2A4C6EE5002F3BCA /* FactsCollectionView.swift */; };
		934B10442A4C71C0002F3BCA /* FactCollectionViewCell.swift in Sources */ = {isa = PBXBuildFile; fileRef = 934B10432A4C71C0002F3BCA /* FactCollectionViewCell.swift */; };
		93DB05492A48C55100233DAE /* CatModell.swift in Sources */ = {isa = PBXBuildFile; fileRef = 93DB05482A48C55100233DAE /* CatModell.swift */; };
		93DB054C2A48C55B00233DAE /* DogModel.swift in Sources */ = {isa = PBXBuildFile; fileRef = 93DB054B2A48C55B00233DAE /* DogModel.swift */; };
		93DB054F2A48C80E00233DAE /* NetworkManagerAlamofire.swift in Sources */ = {isa = PBXBuildFile; fileRef = 93DB054E2A48C80E00233DAE /* NetworkManagerAlamofire.swift */; };
/* End PBXBuildFile section */

/* Begin PBXFileReference section */
		165327642CD84594AEEFD617 /* Pods-PetsFactsApp.release.xcconfig */ = {isa = PBXFileReference; includeInIndex = 1; lastKnownFileType = text.xcconfig; name = "Pods-PetsFactsApp.release.xcconfig"; path = "Target Support Files/Pods-PetsFactsApp/Pods-PetsFactsApp.release.xcconfig"; sourceTree = "<group>"; };
		65A2F02A30ECD355DA13D1F9 /* Pods-PetsFactsApp.debug.xcconfig */ = {isa = PBXFileReference; includeInIndex = 1; lastKnownFileType = text.xcconfig; name = "Pods-PetsFactsApp.debug.xcconfig"; path = "Target Support Files/Pods-PetsFactsApp/Pods-PetsFactsApp.debug.xcconfig"; sourceTree = "<group>"; };
		930D6B1D2A52C42600FA179E /* NetworkDownloadManager.swift */ = {isa = PBXFileReference; lastKnownFileType = sourcecode.swift; path = NetworkDownloadManager.swift; sourceTree = "<group>"; };
		9319DEFD2A51717200A622E7 /* StorageViewController.swift */ = {isa = PBXFileReference; lastKnownFileType = sourcecode.swift; path = StorageViewController.swift; sourceTree = "<group>"; };
		9319DF142A517AC300A622E7 /* DogFact+CoreDataProperties.swift */ = {isa = PBXFileReference; fileEncoding = 4; lastKnownFileType = sourcecode.swift; path = "DogFact+CoreDataProperties.swift"; sourceTree = "<group>"; };
		9319DF162A517AC300A622E7 /* CatFact+CoreDataProperties.swift */ = {isa = PBXFileReference; fileEncoding = 4; lastKnownFileType = sourcecode.swift; path = "CatFact+CoreDataProperties.swift"; sourceTree = "<group>"; };
		9319DF1F2A517B6900A622E7 /* CoreDataManager.swift */ = {isa = PBXFileReference; lastKnownFileType = sourcecode.swift; path = CoreDataManager.swift; sourceTree = "<group>"; };
		932551582A48176F00BA02EF /* PetsFactsApp.app */ = {isa = PBXFileReference; explicitFileType = wrapper.application; includeInIndex = 0; path = PetsFactsApp.app; sourceTree = BUILT_PRODUCTS_DIR; };
		9325515B2A48176F00BA02EF /* AppDelegate.swift */ = {isa = PBXFileReference; lastKnownFileType = sourcecode.swift; path = AppDelegate.swift; sourceTree = "<group>"; };
		9325515D2A48176F00BA02EF /* SceneDelegate.swift */ = {isa = PBXFileReference; lastKnownFileType = sourcecode.swift; path = SceneDelegate.swift; sourceTree = "<group>"; };
		932551622A48176F00BA02EF /* Base */ = {isa = PBXFileReference; lastKnownFileType = file.storyboard; name = Base; path = Base.lproj/Main.storyboard; sourceTree = "<group>"; };
		932551652A48176F00BA02EF /* PetsFactsApp.xcdatamodel */ = {isa = PBXFileReference; lastKnownFileType = wrapper.xcdatamodel; path = PetsFactsApp.xcdatamodel; sourceTree = "<group>"; };
		932551672A48177000BA02EF /* Assets.xcassets */ = {isa = PBXFileReference; lastKnownFileType = folder.assetcatalog; path = Assets.xcassets; sourceTree = "<group>"; };
		9325516A2A48177000BA02EF /* Base */ = {isa = PBXFileReference; lastKnownFileType = file.storyboard; name = Base; path = Base.lproj/LaunchScreen.storyboard; sourceTree = "<group>"; };
		9325516C2A48177000BA02EF /* Info.plist */ = {isa = PBXFileReference; lastKnownFileType = text.plist.xml; path = Info.plist; sourceTree = "<group>"; };
		9325517D2A481A3F00BA02EF /* MainViewController.swift */ = {isa = PBXFileReference; lastKnownFileType = sourcecode.swift; path = MainViewController.swift; sourceTree = "<group>"; };
		932551802A481A5700BA02EF /* InformationViewController.swift */ = {isa = PBXFileReference; lastKnownFileType = sourcecode.swift; path = InformationViewController.swift; sourceTree = "<group>"; };
		932820982AA07ED500EC7C7C /* InfoCell.swift */ = {isa = PBXFileReference; lastKnownFileType = sourcecode.swift; path = InfoCell.swift; sourceTree = "<group>"; };
		933F47812A48D17700C91770 /* NetworkFetchService.swift */ = {isa = PBXFileReference; lastKnownFileType = sourcecode.swift; path = NetworkFetchService.swift; sourceTree = "<group>"; };
		934B103A2A4C6EE5002F3BCA /* FactsCollectionView.swift */ = {isa = PBXFileReference; lastKnownFileType = sourcecode.swift; path = FactsCollectionView.swift; sourceTree = "<group>"; };
		934B10432A4C71C0002F3BCA /* FactCollectionViewCell.swift */ = {isa = PBXFileReference; lastKnownFileType = sourcecode.swift; path = FactCollectionViewCell.swift; sourceTree = "<group>"; };
		93DB05482A48C55100233DAE /* CatModell.swift */ = {isa = PBXFileReference; lastKnownFileType = sourcecode.swift; path = CatModell.swift; sourceTree = "<group>"; };
		93DB054B2A48C55B00233DAE /* DogModel.swift */ = {isa = PBXFileReference; lastKnownFileType = sourcecode.swift; path = DogModel.swift; sourceTree = "<group>"; };
		93DB054E2A48C80E00233DAE /* NetworkManagerAlamofire.swift */ = {isa = PBXFileReference; lastKnownFileType = sourcecode.swift; path = NetworkManagerAlamofire.swift; sourceTree = "<group>"; };
		FD6E401B1844AD9774B63EB7 /* Pods_PetsFactsApp.framework */ = {isa = PBXFileReference; explicitFileType = wrapper.framework; includeInIndex = 0; path = Pods_PetsFactsApp.framework; sourceTree = BUILT_PRODUCTS_DIR; };
/* End PBXFileReference section */

/* Begin PBXFrameworksBuildPhase section */
		932551552A48176F00BA02EF /* Frameworks */ = {
			isa = PBXFrameworksBuildPhase;
			buildActionMask = 2147483647;
			files = (
				57222905585BCB1DDE37F7E7 /* Pods_PetsFactsApp.framework in Frameworks */,
			);
			runOnlyForDeploymentPostprocessing = 0;
		};
/* End PBXFrameworksBuildPhase section */

/* Begin PBXGroup section */
		5A98D1820827CD4CD0E7830F /* Frameworks */ = {
			isa = PBXGroup;
			children = (
				FD6E401B1844AD9774B63EB7 /* Pods_PetsFactsApp.framework */,
			);
			name = Frameworks;
			sourceTree = "<group>";
		};
		9319DF0A2A517A6900A622E7 /* CoreDataModels */ = {
			isa = PBXGroup;
			children = (
				9319DF162A517AC300A622E7 /* CatFact+CoreDataProperties.swift */,
				9319DF142A517AC300A622E7 /* DogFact+CoreDataProperties.swift */,
			);
			path = CoreDataModels;
			sourceTree = "<group>";
		};
		9325514F2A48176F00BA02EF = {
			isa = PBXGroup;
			children = (
				9325515A2A48176F00BA02EF /* PetsFactsApp */,
				932551592A48176F00BA02EF /* Products */,
				F17398D2A08BF2B5AF6AAD01 /* Pods */,
				5A98D1820827CD4CD0E7830F /* Frameworks */,
			);
			sourceTree = "<group>";
		};
		932551592A48176F00BA02EF /* Products */ = {
			isa = PBXGroup;
			children = (
				932551582A48176F00BA02EF /* PetsFactsApp.app */,
			);
			name = Products;
			sourceTree = "<group>";
		};
		9325515A2A48176F00BA02EF /* PetsFactsApp */ = {
			isa = PBXGroup;
			children = (
				9325517B2A4819F500BA02EF /* Models */,
				932551792A4819D800BA02EF /* Controllers */,
				932551612A48176F00BA02EF /* Main.storyboard */,
				9325517C2A481A0100BA02EF /* SupportingFiles */,
			);
			path = PetsFactsApp;
			sourceTree = "<group>";
		};
		932551792A4819D800BA02EF /* Controllers */ = {
			isa = PBXGroup;
			children = (
				9325517D2A481A3F00BA02EF /* MainViewController.swift */,
				932551802A481A5700BA02EF /* InformationViewController.swift */,
				9319DEFD2A51717200A622E7 /* StorageViewController.swift */,
			);
			path = Controllers;
			sourceTree = "<group>";
		};
		9325517B2A4819F500BA02EF /* Models */ = {
			isa = PBXGroup;
			children = (
				934B10422A4C71A4002F3BCA /* Cells */,
				9319DF0A2A517A6900A622E7 /* CoreDataModels */,
				93DB05482A48C55100233DAE /* CatModell.swift */,
				93DB054B2A48C55B00233DAE /* DogModel.swift */,
				93DB054E2A48C80E00233DAE /* NetworkManagerAlamofire.swift */,
				933F47812A48D17700C91770 /* NetworkFetchService.swift */,
				934B103A2A4C6EE5002F3BCA /* FactsCollectionView.swift */,
				930D6B1D2A52C42600FA179E /* NetworkDownloadManager.swift */,
				9319DF1F2A517B6900A622E7 /* CoreDataManager.swift */,
			);
			path = Models;
			sourceTree = "<group>";
		};
		9325517C2A481A0100BA02EF /* SupportingFiles */ = {
			isa = PBXGroup;
			children = (
				932551672A48177000BA02EF /* Assets.xcassets */,
				932551692A48177000BA02EF /* LaunchScreen.storyboard */,
				9325516C2A48177000BA02EF /* Info.plist */,
				932551642A48176F00BA02EF /* PetsFactsApp.xcdatamodeld */,
				9325515B2A48176F00BA02EF /* AppDelegate.swift */,
				9325515D2A48176F00BA02EF /* SceneDelegate.swift */,
			);
			path = SupportingFiles;
			sourceTree = "<group>";
		};
		934B10422A4C71A4002F3BCA /* Cells */ = {
			isa = PBXGroup;
			children = (
				934B10432A4C71C0002F3BCA /* FactCollectionViewCell.swift */,
				932820982AA07ED500EC7C7C /* InfoCell.swift */,
			);
			path = Cells;
			sourceTree = "<group>";
		};
		F17398D2A08BF2B5AF6AAD01 /* Pods */ = {
			isa = PBXGroup;
			children = (
				65A2F02A30ECD355DA13D1F9 /* Pods-PetsFactsApp.debug.xcconfig */,
				165327642CD84594AEEFD617 /* Pods-PetsFactsApp.release.xcconfig */,
			);
			path = Pods;
			sourceTree = "<group>";
		};
/* End PBXGroup section */

/* Begin PBXNativeTarget section */
		932551572A48176F00BA02EF /* PetsFactsApp */ = {
			isa = PBXNativeTarget;
			buildConfigurationList = 9325516F2A48177000BA02EF /* Build configuration list for PBXNativeTarget "PetsFactsApp" */;
			buildPhases = (
				ADE5E60907B2D3CD1B35C32A /* [CP] Check Pods Manifest.lock */,
				932551542A48176F00BA02EF /* Sources */,
				932551552A48176F00BA02EF /* Frameworks */,
				932551562A48176F00BA02EF /* Resources */,
				3ABB034A9DEFFFBC7B6808D5 /* [CP] Embed Pods Frameworks */,
			);
			buildRules = (
			);
			dependencies = (
			);
			name = PetsFactsApp;
			productName = PetsFactsApp;
			productReference = 932551582A48176F00BA02EF /* PetsFactsApp.app */;
			productType = "com.apple.product-type.application";
		};
/* End PBXNativeTarget section */

/* Begin PBXProject section */
		932551502A48176F00BA02EF /* Project object */ = {
			isa = PBXProject;
			attributes = {
				LastSwiftUpdateCheck = 1240;
				LastUpgradeCheck = 1240;
				TargetAttributes = {
					932551572A48176F00BA02EF = {
						CreatedOnToolsVersion = 12.4;
					};
				};
			};
			buildConfigurationList = 932551532A48176F00BA02EF /* Build configuration list for PBXProject "PetsFactsApp" */;
			compatibilityVersion = "Xcode 9.3";
			developmentRegion = en;
			hasScannedForEncodings = 0;
			knownRegions = (
				en,
				Base,
			);
			mainGroup = 9325514F2A48176F00BA02EF;
			productRefGroup = 932551592A48176F00BA02EF /* Products */;
			projectDirPath = "";
			projectRoot = "";
			targets = (
				932551572A48176F00BA02EF /* PetsFactsApp */,
			);
		};
/* End PBXProject section */

/* Begin PBXResourcesBuildPhase section */
		932551562A48176F00BA02EF /* Resources */ = {
			isa = PBXResourcesBuildPhase;
			buildActionMask = 2147483647;
			files = (
				9325516B2A48177000BA02EF /* LaunchScreen.storyboard in Resources */,
				932551682A48177000BA02EF /* Assets.xcassets in Resources */,
				932551632A48176F00BA02EF /* Main.storyboard in Resources */,
			);
			runOnlyForDeploymentPostprocessing = 0;
		};
/* End PBXResourcesBuildPhase section */

/* Begin PBXShellScriptBuildPhase section */
		3ABB034A9DEFFFBC7B6808D5 /* [CP] Embed Pods Frameworks */ = {
			isa = PBXShellScriptBuildPhase;
			buildActionMask = 2147483647;
			files = (
			);
			inputFileListPaths = (
				"${PODS_ROOT}/Target Support Files/Pods-PetsFactsApp/Pods-PetsFactsApp-frameworks-${CONFIGURATION}-input-files.xcfilelist",
			);
			name = "[CP] Embed Pods Frameworks";
			outputFileListPaths = (
				"${PODS_ROOT}/Target Support Files/Pods-PetsFactsApp/Pods-PetsFactsApp-frameworks-${CONFIGURATION}-output-files.xcfilelist",
			);
			runOnlyForDeploymentPostprocessing = 0;
			shellPath = /bin/sh;
			shellScript = "\"${PODS_ROOT}/Target Support Files/Pods-PetsFactsApp/Pods-PetsFactsApp-frameworks.sh\"\n";
			showEnvVarsInLog = 0;
		};
		ADE5E60907B2D3CD1B35C32A /* [CP] Check Pods Manifest.lock */ = {
			isa = PBXShellScriptBuildPhase;
			buildActionMask = 2147483647;
			files = (
			);
			inputFileListPaths = (
			);
			inputPaths = (
				"${PODS_PODFILE_DIR_PATH}/Podfile.lock",
				"${PODS_ROOT}/Manifest.lock",
			);
			name = "[CP] Check Pods Manifest.lock";
			outputFileListPaths = (
			);
			outputPaths = (
				"$(DERIVED_FILE_DIR)/Pods-PetsFactsApp-checkManifestLockResult.txt",
			);
			runOnlyForDeploymentPostprocessing = 0;
			shellPath = /bin/sh;
			shellScript = "diff \"${PODS_PODFILE_DIR_PATH}/Podfile.lock\" \"${PODS_ROOT}/Manifest.lock\" > /dev/null\nif [ $? != 0 ] ; then\n    # print error to STDERR\n    echo \"error: The sandbox is not in sync with the Podfile.lock. Run 'pod install' or update your CocoaPods installation.\" >&2\n    exit 1\nfi\n# This output is used by Xcode 'outputs' to avoid re-running this script phase.\necho \"SUCCESS\" > \"${SCRIPT_OUTPUT_FILE_0}\"\n";
			showEnvVarsInLog = 0;
		};
/* End PBXShellScriptBuildPhase section */

/* Begin PBXSourcesBuildPhase section */
		932551542A48176F00BA02EF /* Sources */ = {
			isa = PBXSourcesBuildPhase;
			buildActionMask = 2147483647;
			files = (
				9325515C2A48176F00BA02EF /* AppDelegate.swift in Sources */,
				9325515E2A48176F00BA02EF /* SceneDelegate.swift in Sources */,
				9319DEFE2A51717200A622E7 /* StorageViewController.swift in Sources */,
				933F47822A48D17700C91770 /* NetworkFetchService.swift in Sources */,
				930D6B1E2A52C42600FA179E /* NetworkDownloadManager.swift in Sources */,
				9319DF1A2A517AC300A622E7 /* CatFact+CoreDataProperties.swift in Sources */,
				932551662A48176F00BA02EF /* PetsFactsApp.xcdatamodeld in Sources */,
				9325517E2A481A3F00BA02EF /* MainViewController.swift in Sources */,
				932551812A481A5700BA02EF /* InformationViewController.swift in Sources */,
				934B103B2A4C6EE5002F3BCA /* FactsCollectionView.swift in Sources */,
				93DB054F2A48C80E00233DAE /* NetworkManagerAlamofire.swift in Sources */,
				934B10442A4C71C0002F3BCA /* FactCollectionViewCell.swift in Sources */,
				932820992AA07ED500EC7C7C /* InfoCell.swift in Sources */,
				93DB05492A48C55100233DAE /* CatModell.swift in Sources */,
				9319DF202A517B6900A622E7 /* CoreDataManager.swift in Sources */,
				93DB054C2A48C55B00233DAE /* DogModel.swift in Sources */,
				9319DF182A517AC300A622E7 /* DogFact+CoreDataProperties.swift in Sources */,
			);
			runOnlyForDeploymentPostprocessing = 0;
		};
/* End PBXSourcesBuildPhase section */

/* Begin PBXVariantGroup section */
		932551612A48176F00BA02EF /* Main.storyboard */ = {
			isa = PBXVariantGroup;
			children = (
				932551622A48176F00BA02EF /* Base */,
			);
			name = Main.storyboard;
			sourceTree = "<group>";
		};
		932551692A48177000BA02EF /* LaunchScreen.storyboard */ = {
			isa = PBXVariantGroup;
			children = (
				9325516A2A48177000BA02EF /* Base */,
			);
			name = LaunchScreen.storyboard;
			sourceTree = "<group>";
		};
/* End PBXVariantGroup section */

/* Begin XCBuildConfiguration section */
		9325516D2A48177000BA02EF /* Debug */ = {
			isa = XCBuildConfiguration;
			buildSettings = {
				ALWAYS_SEARCH_USER_PATHS = NO;
				CLANG_ANALYZER_NONNULL = YES;
				CLANG_ANALYZER_NUMBER_OBJECT_CONVERSION = YES_AGGRESSIVE;
				CLANG_CXX_LANGUAGE_STANDARD = "gnu++14";
				CLANG_CXX_LIBRARY = "libc++";
				CLANG_ENABLE_MODULES = YES;
				CLANG_ENABLE_OBJC_ARC = YES;
				CLANG_ENABLE_OBJC_WEAK = YES;
				CLANG_WARN_BLOCK_CAPTURE_AUTORELEASING = YES;
				CLANG_WARN_BOOL_CONVERSION = YES;
				CLANG_WARN_COMMA = YES;
				CLANG_WARN_CONSTANT_CONVERSION = YES;
				CLANG_WARN_DEPRECATED_OBJC_IMPLEMENTATIONS = YES;
				CLANG_WARN_DIRECT_OBJC_ISA_USAGE = YES_ERROR;
				CLANG_WARN_DOCUMENTATION_COMMENTS = YES;
				CLANG_WARN_EMPTY_BODY = YES;
				CLANG_WARN_ENUM_CONVERSION = YES;
				CLANG_WARN_INFINITE_RECURSION = YES;
				CLANG_WARN_INT_CONVERSION = YES;
				CLANG_WARN_NON_LITERAL_NULL_CONVERSION = YES;
				CLANG_WARN_OBJC_IMPLICIT_RETAIN_SELF = YES;
				CLANG_WARN_OBJC_LITERAL_CONVERSION = YES;
				CLANG_WARN_OBJC_ROOT_CLASS = YES_ERROR;
				CLANG_WARN_QUOTED_INCLUDE_IN_FRAMEWORK_HEADER = YES;
				CLANG_WARN_RANGE_LOOP_ANALYSIS = YES;
				CLANG_WARN_STRICT_PROTOTYPES = YES;
				CLANG_WARN_SUSPICIOUS_MOVE = YES;
				CLANG_WARN_UNGUARDED_AVAILABILITY = YES_AGGRESSIVE;
				CLANG_WARN_UNREACHABLE_CODE = YES;
				CLANG_WARN__DUPLICATE_METHOD_MATCH = YES;
				COPY_PHASE_STRIP = NO;
				DEBUG_INFORMATION_FORMAT = dwarf;
				ENABLE_STRICT_OBJC_MSGSEND = YES;
				ENABLE_TESTABILITY = YES;
				GCC_C_LANGUAGE_STANDARD = gnu11;
				GCC_DYNAMIC_NO_PIC = NO;
				GCC_NO_COMMON_BLOCKS = YES;
				GCC_OPTIMIZATION_LEVEL = 0;
				GCC_PREPROCESSOR_DEFINITIONS = (
					"DEBUG=1",
					"$(inherited)",
				);
				GCC_WARN_64_TO_32_BIT_CONVERSION = YES;
				GCC_WARN_ABOUT_RETURN_TYPE = YES_ERROR;
				GCC_WARN_UNDECLARED_SELECTOR = YES;
				GCC_WARN_UNINITIALIZED_AUTOS = YES_AGGRESSIVE;
				GCC_WARN_UNUSED_FUNCTION = YES;
				GCC_WARN_UNUSED_VARIABLE = YES;
				IPHONEOS_DEPLOYMENT_TARGET = 14.4;
				MTL_ENABLE_DEBUG_INFO = INCLUDE_SOURCE;
				MTL_FAST_MATH = YES;
				ONLY_ACTIVE_ARCH = YES;
				SDKROOT = iphoneos;
				SWIFT_ACTIVE_COMPILATION_CONDITIONS = DEBUG;
				SWIFT_OPTIMIZATION_LEVEL = "-Onone";
			};
			name = Debug;
		};
		9325516E2A48177000BA02EF /* Release */ = {
			isa = XCBuildConfiguration;
			buildSettings = {
				ALWAYS_SEARCH_USER_PATHS = NO;
				CLANG_ANALYZER_NONNULL = YES;
				CLANG_ANALYZER_NUMBER_OBJECT_CONVERSION = YES_AGGRESSIVE;
				CLANG_CXX_LANGUAGE_STANDARD = "gnu++14";
				CLANG_CXX_LIBRARY = "libc++";
				CLANG_ENABLE_MODULES = YES;
				CLANG_ENABLE_OBJC_ARC = YES;
				CLANG_ENABLE_OBJC_WEAK = YES;
				CLANG_WARN_BLOCK_CAPTURE_AUTORELEASING = YES;
				CLANG_WARN_BOOL_CONVERSION = YES;
				CLANG_WARN_COMMA = YES;
				CLANG_WARN_CONSTANT_CONVERSION = YES;
				CLANG_WARN_DEPRECATED_OBJC_IMPLEMENTATIONS = YES;
				CLANG_WARN_DIRECT_OBJC_ISA_USAGE = YES_ERROR;
				CLANG_WARN_DOCUMENTATION_COMMENTS = YES;
				CLANG_WARN_EMPTY_BODY = YES;
				CLANG_WARN_ENUM_CONVERSION = YES;
				CLANG_WARN_INFINITE_RECURSION = YES;
				CLANG_WARN_INT_CONVERSION = YES;
				CLANG_WARN_NON_LITERAL_NULL_CONVERSION = YES;
				CLANG_WARN_OBJC_IMPLICIT_RETAIN_SELF = YES;
				CLANG_WARN_OBJC_LITERAL_CONVERSION = YES;
				CLANG_WARN_OBJC_ROOT_CLASS = YES_ERROR;
				CLANG_WARN_QUOTED_INCLUDE_IN_FRAMEWORK_HEADER = YES;
				CLANG_WARN_RANGE_LOOP_ANALYSIS = YES;
				CLANG_WARN_STRICT_PROTOTYPES = YES;
				CLANG_WARN_SUSPICIOUS_MOVE = YES;
				CLANG_WARN_UNGUARDED_AVAILABILITY = YES_AGGRESSIVE;
				CLANG_WARN_UNREACHABLE_CODE = YES;
				CLANG_WARN__DUPLICATE_METHOD_MATCH = YES;
				COPY_PHASE_STRIP = NO;
				DEBUG_INFORMATION_FORMAT = "dwarf-with-dsym";
				ENABLE_NS_ASSERTIONS = NO;
				ENABLE_STRICT_OBJC_MSGSEND = YES;
				GCC_C_LANGUAGE_STANDARD = gnu11;
				GCC_NO_COMMON_BLOCKS = YES;
				GCC_WARN_64_TO_32_BIT_CONVERSION = YES;
				GCC_WARN_ABOUT_RETURN_TYPE = YES_ERROR;
				GCC_WARN_UNDECLARED_SELECTOR = YES;
				GCC_WARN_UNINITIALIZED_AUTOS = YES_AGGRESSIVE;
				GCC_WARN_UNUSED_FUNCTION = YES;
				GCC_WARN_UNUSED_VARIABLE = YES;
				IPHONEOS_DEPLOYMENT_TARGET = 14.4;
				MTL_ENABLE_DEBUG_INFO = NO;
				MTL_FAST_MATH = YES;
				SDKROOT = iphoneos;
				SWIFT_COMPILATION_MODE = wholemodule;
				SWIFT_OPTIMIZATION_LEVEL = "-O";
				VALIDATE_PRODUCT = YES;
			};
			name = Release;
		};
		932551702A48177000BA02EF /* Debug */ = {
			isa = XCBuildConfiguration;
			baseConfigurationReference = 65A2F02A30ECD355DA13D1F9 /* Pods-PetsFactsApp.debug.xcconfig */;
			buildSettings = {
				ASSETCATALOG_COMPILER_APPICON_NAME = AppIcon;
				ASSETCATALOG_COMPILER_GLOBAL_ACCENT_COLOR_NAME = AccentColor;
				CODE_SIGN_STYLE = Automatic;
				INFOPLIST_FILE = PetsFactsApp/SupportingFiles/Info.plist;
				LD_RUNPATH_SEARCH_PATHS = (
					"$(inherited)",
					"@executable_path/Frameworks",
				);
				PRODUCT_BUNDLE_IDENTIFIER = MixonUa.PetsFactsApp;
				PRODUCT_NAME = "$(TARGET_NAME)";
				SWIFT_VERSION = 5.0;
				TARGETED_DEVICE_FAMILY = "1,2";
			};
			name = Debug;
		};
		932551712A48177000BA02EF /* Release */ = {
			isa = XCBuildConfiguration;
			baseConfigurationReference = 165327642CD84594AEEFD617 /* Pods-PetsFactsApp.release.xcconfig */;
			buildSettings = {
				ASSETCATALOG_COMPILER_APPICON_NAME = AppIcon;
				ASSETCATALOG_COMPILER_GLOBAL_ACCENT_COLOR_NAME = AccentColor;
				CODE_SIGN_STYLE = Automatic;
				INFOPLIST_FILE = PetsFactsApp/SupportingFiles/Info.plist;
				LD_RUNPATH_SEARCH_PATHS = (
					"$(inherited)",
					"@executable_path/Frameworks",
				);
				PRODUCT_BUNDLE_IDENTIFIER = MixonUa.PetsFactsApp;
				PRODUCT_NAME = "$(TARGET_NAME)";
				SWIFT_VERSION = 5.0;
				TARGETED_DEVICE_FAMILY = "1,2";
			};
			name = Release;
		};
/* End XCBuildConfiguration section */

/* Begin XCConfigurationList section */
		932551532A48176F00BA02EF /* Build configuration list for PBXProject "PetsFactsApp" */ = {
			isa = XCConfigurationList;
			buildConfigurations = (
				9325516D2A48177000BA02EF /* Debug */,
				9325516E2A48177000BA02EF /* Release */,
			);
			defaultConfigurationIsVisible = 0;
			defaultConfigurationName = Release;
		};
		9325516F2A48177000BA02EF /* Build configuration list for PBXNativeTarget "PetsFactsApp" */ = {
			isa = XCConfigurationList;
			buildConfigurations = (
				932551702A48177000BA02EF /* Debug */,
				932551712A48177000BA02EF /* Release */,
			);
			defaultConfigurationIsVisible = 0;
			defaultConfigurationName = Release;
		};
/* End XCConfigurationList section */

/* Begin XCVersionGroup section */
		932551642A48176F00BA02EF /* PetsFactsApp.xcdatamodeld */ = {
			isa = XCVersionGroup;
			children = (
				932551652A48176F00BA02EF /* PetsFactsApp.xcdatamodel */,
			);
			currentVersion = 932551652A48176F00BA02EF /* PetsFactsApp.xcdatamodel */;
			path = PetsFactsApp.xcdatamodeld;
			sourceTree = "<group>";
			versionGroupType = wrapper.xcdatamodel;
		};
/* End XCVersionGroup section */
	};
	rootObject = 932551502A48176F00BA02EF /* Project object */;
}
